
Microsoft Visual Studio Solution File, Format Version 12.00
# Visual Studio Version 17
VisualStudioVersion = 17.0.32112.339
MinimumVisualStudioVersion = 10.0.40219.1
Project("{FAE04EC0-301F-11D3-BF4B-00C04F79EFBC}") = "TodoListApp.Android", "TodoListApp\TodoListApp.Android\TodoListApp.Android.csproj", "{06192B36-6F02-4615-BCA1-4288F1D4B51C}"
EndProject
Project("{FAE04EC0-301F-11D3-BF4B-00C04F79EFBC}") = "TodoListApp.iOS", "TodoListApp\TodoListApp.iOS\TodoListApp.iOS.csproj", "{2D81300C-527B-4EB8-8DAA-50315F64FAB1}"
EndProject
Project("{FAE04EC0-301F-11D3-BF4B-00C04F79EFBC}") = "TodoListApp", "TodoListApp\TodoListApp\TodoListApp.csproj", "{98DDD6A2-49BC-4FAB-8464-B67AC8EA5FE8}"
EndProject
Global
	GlobalSection(SolutionConfigurationPlatforms) = preSolution
		Debug|Any CPU = Debug|Any CPU
		Debug|iPhone = Debug|iPhone
		Debug|iPhoneSimulator = Debug|iPhoneSimulator
		Release|Any CPU = Release|Any CPU
		Release|iPhone = Release|iPhone
		Release|iPhoneSimulator = Release|iPhoneSimulator
	EndGlobalSection
	GlobalSection(ProjectConfigurationPlatforms) = postSolution
		{06192B36-6F02-4615-BCA1-4288F1D4B51C}.Debug|Any CPU.ActiveCfg = Debug|Any CPU
		{06192B36-6F02-4615-BCA1-4288F1D4B51C}.Debug|Any CPU.Build.0 = Debug|Any CPU
		{06192B36-6F02-4615-BCA1-4288F1D4B51C}.Debug|Any CPU.Deploy.0 = Debug|Any CPU
		{06192B36-6F02-4615-BCA1-4288F1D4B51C}.Debug|iPhone.ActiveCfg = Debug|Any CPU
		{06192B36-6F02-4615-BCA1-4288F1D4B51C}.Debug|iPhone.Build.0 = Debug|Any CPU
		{06192B36-6F02-4615-BCA1-4288F1D4B51C}.Debug|iPhone.Deploy.0 = Debug|Any CPU
		{06192B36-6F02-4615-BCA1-4288F1D4B51C}.Debug|iPhoneSimulator.ActiveCfg = Debug|Any CPU
		{06192B36-6F02-4615-BCA1-4288F1D4B51C}.Debug|iPhoneSimulator.Build.0 = Debug|Any CPU
		{06192B36-6F02-4615-BCA1-4288F1D4B51C}.Debug|iPhoneSimulator.Deploy.0 = Debug|Any CPU
		{06192B36-6F02-4615-BCA1-4288F1D4B51C}.Release|Any CPU.ActiveCfg = Release|Any CPU
		{06192B36-6F02-4615-BCA1-4288F1D4B51C}.Release|Any CPU.Build.0 = Release|Any CPU
		{06192B36-6F02-4615-BCA1-4288F1D4B51C}.Release|Any CPU.Deploy.0 = Release|Any CPU
		{06192B36-6F02-4615-BCA1-4288F1D4B51C}.Release|iPhone.ActiveCfg = Release|Any CPU
		{06192B36-6F02-4615-BCA1-4288F1D4B51C}.Release|iPhone.Build.0 = Release|Any CPU
		{06192B36-6F02-4615-BCA1-4288F1D4B51C}.Release|iPhone.Deploy.0 = Release|Any CPU
		{06192B36-6F02-4615-BCA1-4288F1D4B51C}.Release|iPhoneSimulator.ActiveCfg = Release|Any CPU
		{06192B36-6F02-4615-BCA1-4288F1D4B51C}.Release|iPhoneSimulator.Build.0 = Release|Any CPU
		{06192B36-6F02-4615-BCA1-4288F1D4B51C}.Release|iPhoneSimulator.Deploy.0 = Release|Any CPU
		{2D81300C-527B-4EB8-8DAA-50315F64FAB1}.Debug|Any CPU.ActiveCfg = Debug|iPhone
		{2D81300C-527B-4EB8-8DAA-50315F64FAB1}.Debug|Any CPU.Build.0 = Debug|iPhone
		{2D81300C-527B-4EB8-8DAA-50315F64FAB1}.Debug|Any CPU.Deploy.0 = Debug|iPhone
		{2D81300C-527B-4EB8-8DAA-50315F64FAB1}.Debug|iPhone.ActiveCfg = Debug|iPhone
		{2D81300C-527B-4EB8-8DAA-50315F64FAB1}.Debug|iPhone.Build.0 = Debug|iPhone
		{2D81300C-527B-4EB8-8DAA-50315F64FAB1}.Debug|iPhone.Deploy.0 = Debug|iPhone
		{2D81300C-527B-4EB8-8DAA-50315F64FAB1}.Debug|iPhoneSimulator.ActiveCfg = Debug|iPhoneSimulator
		{2D81300C-527B-4EB8-8DAA-50315F64FAB1}.Debug|iPhoneSimulator.Build.0 = Debug|iPhoneSimulator
		{2D81300C-527B-4EB8-8DAA-50315F64FAB1}.Debug|iPhoneSimulator.Deploy.0 = Debug|iPhoneSimulator
		{2D81300C-527B-4EB8-8DAA-50315F64FAB1}.Release|Any CPU.ActiveCfg = Release|iPhoneSimulator
		{2D81300C-527B-4EB8-8DAA-50315F64FAB1}.Release|Any CPU.Build.0 = Release|iPhoneSimulator
		{2D81300C-527B-4EB8-8DAA-50315F64FAB1}.Release|Any CPU.Deploy.0 = Release|iPhoneSimulator
		{2D81300C-527B-4EB8-8DAA-50315F64FAB1}.Release|iPhone.ActiveCfg = Release|iPhone
		{2D81300C-527B-4EB8-8DAA-50315F64FAB1}.Release|iPhone.Build.0 = Release|iPhone
		{2D81300C-527B-4EB8-8DAA-50315F64FAB1}.Release|iPhone.Deploy.0 = Release|iPhone
		{2D81300C-527B-4EB8-8DAA-50315F64FAB1}.Release|iPhoneSimulator.ActiveCfg = Release|iPhoneSimulator
		{2D81300C-527B-4EB8-8DAA-50315F64FAB1}.Release|iPhoneSimulator.Build.0 = Release|iPhoneSimulator
		{2D81300C-527B-4EB8-8DAA-50315F64FAB1}.Release|iPhoneSimulator.Deploy.0 = Release|iPhoneSimulator
		{98DDD6A2-49BC-4FAB-8464-B67AC8EA5FE8}.Debug|Any CPU.ActiveCfg = Debug|Any CPU
		{98DDD6A2-49BC-4FAB-8464-B67AC8EA5FE8}.Debug|Any CPU.Build.0 = Debug|Any CPU
		{98DDD6A2-49BC-4FAB-8464-B67AC8EA5FE8}.Debug|Any CPU.Deploy.0 = Debug|Any CPU
		{98DDD6A2-49BC-4FAB-8464-B67AC8EA5FE8}.Debug|iPhone.ActiveCfg = Debug|Any CPU
		{98DDD6A2-49BC-4FAB-8464-B67AC8EA5FE8}.Debug|iPhone.Build.0 = Debug|Any CPU
		{98DDD6A2-49BC-4FAB-8464-B67AC8EA5FE8}.Debug|iPhone.Deploy.0 = Debug|Any CPU
		{98DDD6A2-49BC-4FAB-8464-B67AC8EA5FE8}.Debug|iPhoneSimulator.ActiveCfg = Debug|Any CPU
		{98DDD6A2-49BC-4FAB-8464-B67AC8EA5FE8}.Debug|iPhoneSimulator.Build.0 = Debug|Any CPU
		{98DDD6A2-49BC-4FAB-8464-B67AC8EA5FE8}.Debug|iPhoneSimulator.Deploy.0 = Debug|Any CPU
		{98DDD6A2-49BC-4FAB-8464-B67AC8EA5FE8}.Release|Any CPU.ActiveCfg = Release|Any CPU
		{98DDD6A2-49BC-4FAB-8464-B67AC8EA5FE8}.Release|Any CPU.Build.0 = Release|Any CPU
		{98DDD6A2-49BC-4FAB-8464-B67AC8EA5FE8}.Release|Any CPU.Deploy.0 = Release|Any CPU
		{98DDD6A2-49BC-4FAB-8464-B67AC8EA5FE8}.Release|iPhone.ActiveCfg = Release|Any CPU
		{98DDD6A2-49BC-4FAB-8464-B67AC8EA5FE8}.Release|iPhone.Build.0 = Release|Any CPU
		{98DDD6A2-49BC-4FAB-8464-B67AC8EA5FE8}.Release|iPhone.Deploy.0 = Release|Any CPU
		{98DDD6A2-49BC-4FAB-8464-B67AC8EA5FE8}.Release|iPhoneSimulator.ActiveCfg = Release|Any CPU
		{98DDD6A2-49BC-4FAB-8464-B67AC8EA5FE8}.Release|iPhoneSimulator.Build.0 = Release|Any CPU
		{98DDD6A2-49BC-4FAB-8464-B67AC8EA5FE8}.Release|iPhoneSimulator.Deploy.0 = Release|Any CPU
	EndGlobalSection
	GlobalSection(SolutionProperties) = preSolution
		HideSolutionNode = FALSE
	EndGlobalSection
	GlobalSection(ExtensibilityGlobals) = postSolution
		SolutionGuid = {A4A5803F-1245-4BF7-B10B-1D431AEB8024}
	EndGlobalSection
EndGlobal
